
Microsoft Visual Studio Solution File, Format Version 12.00
# Visual Studio Version 16
VisualStudioVersion = 16.0.32413.511
MinimumVisualStudioVersion = 10.0.40219.1
Project("{FAE04EC0-301F-11D3-BF4B-00C04F79EFBC}") = "ABC", "ABC\ABC.csproj", "{F1E836C1-2279-49B3-84CC-ED8B048FCC44}"
EndProject
Project("{FAE04EC0-301F-11D3-BF4B-00C04F79EFBC}") = "Silent", "Silent\Silent.csproj", "{A220F564-41CB-46F5-9938-FEFD87819771}"
EndProject
Global
	GlobalSection(SolutionConfigurationPlatforms) = preSolution
		Debug|Any CPU = Debug|Any CPU
		Release|Any CPU = Release|Any CPU
	EndGlobalSection
	GlobalSection(ProjectConfigurationPlatforms) = postSolution
		{F1E836C1-2279-49B3-84CC-ED8B048FCC44}.Debug|Any CPU.ActiveCfg = Debug|Any CPU
		{F1E836C1-2279-49B3-84CC-ED8B048FCC44}.Debug|Any CPU.Build.0 = Debug|Any CPU
		{F1E836C1-2279-49B3-84CC-ED8B048FCC44}.Release|Any CPU.ActiveCfg = Release|Any CPU
		{F1E836C1-2279-49B3-84CC-ED8B048FCC44}.Release|Any CPU.Build.0 = Release|Any CPU
		{A220F564-41CB-46F5-9938-FEFD87819771}.Debug|Any CPU.ActiveCfg = Debug|Any CPU
		{A220F564-41CB-46F5-9938-FEFD87819771}.Debug|Any CPU.Build.0 = Debug|Any CPU
		{A220F564-41CB-46F5-9938-FEFD87819771}.Release|Any CPU.ActiveCfg = Release|Any CPU
		{A220F564-41CB-46F5-9938-FEFD87819771}.Release|Any CPU.Build.0 = Release|Any CPU
	EndGlobalSection
	GlobalSection(SolutionProperties) = preSolution
		HideSolutionNode = FALSE
	EndGlobalSection
	GlobalSection(ExtensibilityGlobals) = postSolution
		SolutionGuid = {8CA418B7-A4C0-4B9D-901F-2BFAF6FF2514}
	EndGlobalSection
EndGlobal
